PODS:
  - Alamofire (4.7.3)
  - CryptoSwift (1.3.0)
  - FSCalendar (2.8.1)
  - JWTDecode (2.4.1)
  - Kingfisher (5.13.2):
    - Kingfisher/Core (= 5.13.2)
  - Kingfisher/Core (5.13.2)
  - SwiftGifOrigin (1.7.0)
  - SwiftyJSON (5.0.0)

DEPENDENCIES:
  - Alamofire (= 4.7.3)
  - CryptoSwift
  - FSCalendar
  - JWTDecode
  - Kingfisher
  - SwiftGifOrigin
  - SwiftyJSON

SPEC REPOS:
  trunk:
    - Alamofire
    - CryptoSwift
    - FSCalendar
    - JWTDecode
    - Kingfisher
    - SwiftGifOrigin
    - SwiftyJSON

SPEC CHECKSUMS:
  Alamofire: c7287b6e5d7da964a70935e5db17046b7fde6568
  CryptoSwift: 1283821600233bdbeb96d7b389c3288c3bf77211
  FSCalendar: 5245140456fcbcac5824c203b98bd8068bdfee1a
  JWTDecode: 4bd4da0cdf0f8154fd467fa48499f34ec057fb88
  Kingfisher: d342c8354c10c3d85a27d6d4c42c41285924b898
  SwiftGifOrigin: fbd6cf37afcfcf97a5c3db996ddc0492e5c5c145
  SwiftyJSON: 36413e04c44ee145039d332b4f4e2d3e8d6c4db7

PODFILE CHECKSUM: faf02e571ec6dc30319fdc7e302d0fc5e326ed5c

COCOAPODS: 1.9.1
