// !$*UTF8*$!
{
	archiveVersion = 1;
	classes = {
	};
	objectVersion = 51;
	objects = {

/* Begin PBXBuildFile section */
		4C00F1D3823749A4A6E0DE0C /* Pods_GitCat.framework in Frameworks */ = {isa = PBXBuildFile; fileRef = C7FB3E5D46AAE40CBCA4F48F /* Pods_GitCat.framework */; };
		4C1035A623B8FEC60057F0B1 /* Home.storyboard in Resources */ = {isa = PBXBuildFile; fileRef = 4C1035A523B8FEC60057F0B1 /* Home.storyboard */; };
		4C1035A923B9084D0057F0B1 /* 나눔손글씨 배은혜체.ttf in Resources */ = {isa = PBXBuildFile; fileRef = 4C1035A723B907F50057F0B1 /* 나눔손글씨 배은혜체.ttf */; };
		4C1035AC23B9D1430057F0B1 /* HomeVC.swift in Sources */ = {isa = PBXBuildFile; fileRef = 4C1035AB23B9D1430057F0B1 /* HomeVC.swift */; };
		4C2DDD0A23EAEEF200FCB36B /* TutorialCVCell.swift in Sources */ = {isa = PBXBuildFile; fileRef = 4C2DDD0923EAEEF200FCB36B /* TutorialCVCell.swift */; };
		4C2DDD0D23EB1FD200FCB36B /* SelectCatCVCell.swift in Sources */ = {isa = PBXBuildFile; fileRef = 4C2DDD0C23EB1FD200FCB36B /* SelectCatCVCell.swift */; };
		4C3B8E5B2402449C008735DE /* AuthManageVC.swift in Sources */ = {isa = PBXBuildFile; fileRef = 4C3B8E5A2402449B008735DE /* AuthManageVC.swift */; };
		4C4A923223BA2476002E5F35 /* MidRepoVC.swift in Sources */ = {isa = PBXBuildFile; fileRef = 4C4A923123BA2476002E5F35 /* MidRepoVC.swift */; };
		4C68D10623B09D3E00A8F813 /* AppDelegate.swift in Sources */ = {isa = PBXBuildFile; fileRef = 4C68D10523B09D3E00A8F813 /* AppDelegate.swift */; };
		4C68D10D23B09D4000A8F813 /* Assets.xcassets in Resources */ = {isa = PBXBuildFile; fileRef = 4C68D10C23B09D4000A8F813 /* Assets.xcassets */; };
		4C68D11023B09D4000A8F813 /* LaunchScreen.storyboard in Resources */ = {isa = PBXBuildFile; fileRef = 4C68D10E23B09D4000A8F813 /* LaunchScreen.storyboard */; };
		4C68D12C23B0AAB100A8F813 /* BasicExtension.swift in Sources */ = {isa = PBXBuildFile; fileRef = 4C68D12B23B0AAB100A8F813 /* BasicExtension.swift */; };
		4C68D13523B0D02400A8F813 /* SignInVC.swift in Sources */ = {isa = PBXBuildFile; fileRef = 4C68D13423B0D02400A8F813 /* SignInVC.swift */; };
		4C7C0E0B23D489DA00669B38 /* CommitDetailTVCell.swift in Sources */ = {isa = PBXBuildFile; fileRef = 4C7C0E0A23D489DA00669B38 /* CommitDetailTVCell.swift */; };
		4C7C0E1123D4A11400669B38 /* CustomHeaderTVCell.swift in Sources */ = {isa = PBXBuildFile; fileRef = 4C7C0E1023D4A11400669B38 /* CustomHeaderTVCell.swift */; };
		4C7C0E1323D4AB0100669B38 /* AlarmVC.swift in Sources */ = {isa = PBXBuildFile; fileRef = 4C7C0E1223D4AB0100669B38 /* AlarmVC.swift */; };
		4C7C0E1523D5650D00669B38 /* MainTabBarVC.swift in Sources */ = {isa = PBXBuildFile; fileRef = 4C7C0E1423D5650D00669B38 /* MainTabBarVC.swift */; };
		4C7C0E1723D587CF00669B38 /* CatCollectionVC.swift in Sources */ = {isa = PBXBuildFile; fileRef = 4C7C0E1623D587CF00669B38 /* CatCollectionVC.swift */; };
		4C7C0E1923D59D2B00669B38 /* CatCollectionCVCell.swift in Sources */ = {isa = PBXBuildFile; fileRef = 4C7C0E1823D59D2B00669B38 /* CatCollectionCVCell.swift */; };
		4C7C0E6723D8044B00669B38 /* HttpResponseCode.swift in Sources */ = {isa = PBXBuildFile; fileRef = 4C7C0E6623D8044B00669B38 /* HttpResponseCode.swift */; };
		4C7C0E6923D80E9300669B38 /* APIService.swift in Sources */ = {isa = PBXBuildFile; fileRef = 4C7C0E6823D80E9300669B38 /* APIService.swift */; };
		4C7C0E6D23D8133200669B38 /* GettableService.swift in Sources */ = {isa = PBXBuildFile; fileRef = 4C7C0E6C23D8133200669B38 /* GettableService.swift */; };
		4C7C0E7123D96CB900669B38 /* OAuthVC.swift in Sources */ = {isa = PBXBuildFile; fileRef = 4C7C0E7023D96CB900669B38 /* OAuthVC.swift */; };
		4C7C0E7823D9816000669B38 /* CommitCountModel.swift in Sources */ = {isa = PBXBuildFile; fileRef = 4C7C0E7723D9816000669B38 /* CommitCountModel.swift */; };
		4C7C0E7A23D9826800669B38 /* CommitListModel.swift in Sources */ = {isa = PBXBuildFile; fileRef = 4C7C0E7923D9826800669B38 /* CommitListModel.swift */; };
		4C7C0E7C23D985C200669B38 /* CommitCountService.swift in Sources */ = {isa = PBXBuildFile; fileRef = 4C7C0E7B23D985C200669B38 /* CommitCountService.swift */; };
		4C7C0E7E23D985D800669B38 /* CommitListService.swift in Sources */ = {isa = PBXBuildFile; fileRef = 4C7C0E7D23D985D800669B38 /* CommitListService.swift */; };
		4C7C0E8023DF158B00669B38 /* SettingVC.swift in Sources */ = {isa = PBXBuildFile; fileRef = 4C7C0E7F23DF158B00669B38 /* SettingVC.swift */; };
		4C7C9AAE2404D0020047C610 /* GIFExtension.swift in Sources */ = {isa = PBXBuildFile; fileRef = 4C7C9AAD2404D0020047C610 /* GIFExtension.swift */; };
		4C7C9AB02404D0D20047C610 /* DeveloperInfoVC.swift in Sources */ = {isa = PBXBuildFile; fileRef = 4C7C9AAF2404D0D20047C610 /* DeveloperInfoVC.swift */; };
		4C7C9AB22404D2590047C610 /* gif_loading2.gif in Resources */ = {isa = PBXBuildFile; fileRef = 4C7C9AB12404D2580047C610 /* gif_loading2.gif */; };
		4C8C9E6923CB574600E160B1 /* ReportDetailVC.swift in Sources */ = {isa = PBXBuildFile; fileRef = 4C8C9E6823CB574600E160B1 /* ReportDetailVC.swift */; };
		4C99B3792403C46D003DFBA6 /* Auth.storyboard in Resources */ = {isa = PBXBuildFile; fileRef = 4C99B3782403C46D003DFBA6 /* Auth.storyboard */; };
		4C99B37B2403C4C0003DFBA6 /* InstagramVc.swift in Sources */ = {isa = PBXBuildFile; fileRef = 4C99B37A2403C4C0003DFBA6 /* InstagramVc.swift */; };
		4C9E8E8323C05564002BDE02 /* LittleRoundView.swift in Sources */ = {isa = PBXBuildFile; fileRef = 4C9E8E8223C05564002BDE02 /* LittleRoundView.swift */; };
		4C9E8E8B23C1BF49002BDE02 /* AuthService.swift in Sources */ = {isa = PBXBuildFile; fileRef = 4C9E8E8A23C1BF49002BDE02 /* AuthService.swift */; };
		4C9E8EA223C1DAC0002BDE02 /* SignInCodeData.swift in Sources */ = {isa = PBXBuildFile; fileRef = 4C9E8EA123C1DAC0002BDE02 /* SignInCodeData.swift */; };
		4C9E8EAE23C1F427002BDE02 /* Requestable.swift in Sources */ = {isa = PBXBuildFile; fileRef = 4C9E8EAD23C1F427002BDE02 /* Requestable.swift */; };
		4CA7A75923FB9D36004FC110 /* ReportListModel.swift in Sources */ = {isa = PBXBuildFile; fileRef = 4CA7A75823FB9D36004FC110 /* ReportListModel.swift */; };
		4CA7A75B23FB9D51004FC110 /* ReportDetailModel.swift in Sources */ = {isa = PBXBuildFile; fileRef = 4CA7A75A23FB9D51004FC110 /* ReportDetailModel.swift */; };
		4CC07F9123B0EE1000851B45 /* ColorPalette.swift in Sources */ = {isa = PBXBuildFile; fileRef = 4CC07F9023B0EE1000851B45 /* ColorPalette.swift */; };
		4CC07F9323B0F28100851B45 /* RoundView.swift in Sources */ = {isa = PBXBuildFile; fileRef = 4CC07F9223B0F28100851B45 /* RoundView.swift */; };
		4CC07F9523B1165200851B45 /* GetMoreInfo1VC.swift in Sources */ = {isa = PBXBuildFile; fileRef = 4CC07F9423B1165200851B45 /* GetMoreInfo1VC.swift */; };
		4CC07F9F23B2452700851B45 /* GetMoreInfo2VC.swift in Sources */ = {isa = PBXBuildFile; fileRef = 4CC07F9E23B2452700851B45 /* GetMoreInfo2VC.swift */; };
		4CC07FAF23B314A200851B45 /* 20958984_UTOIMAGE_유토이미지고딕_R_OTF.otf in Resources */ = {isa = PBXBuildFile; fileRef = 4CC07FAC23B314A200851B45 /* 20958984_UTOIMAGE_유토이미지고딕_R_OTF.otf */; };
		4CC07FB223B314F200851B45 /* 20958980_UTOIMAGE_유토이미지고딕_B_OTF.otf in Resources */ = {isa = PBXBuildFile; fileRef = 4CC07FAE23B314A200851B45 /* 20958980_UTOIMAGE_유토이미지고딕_B_OTF.otf */; };
		4CC07FB323B314F700851B45 /* 20958982_UTOIMAGE_유토이미지고딕_L_OTF.otf in Resources */ = {isa = PBXBuildFile; fileRef = 4CC07FAD23B314A200851B45 /* 20958982_UTOIMAGE_유토이미지고딕_L_OTF.otf */; };
		4CC07FB523B317CA00851B45 /* RoundBtn.swift in Sources */ = {isa = PBXBuildFile; fileRef = 4CC07FB423B317CA00851B45 /* RoundBtn.swift */; };
		4CC07FB723B31A2C00851B45 /* VCExtension.swift in Sources */ = {isa = PBXBuildFile; fileRef = 4CC07FB623B31A2C00851B45 /* VCExtension.swift */; };
		4CC07FBB23B3238C00851B45 /* GetMoreInfo3VC.swift in Sources */ = {isa = PBXBuildFile; fileRef = 4CC07FBA23B3238C00851B45 /* GetMoreInfo3VC.swift */; };
		4CC07FBF23B330A600851B45 /* LittleRoundBtn.swift in Sources */ = {isa = PBXBuildFile; fileRef = 4CC07FBE23B330A600851B45 /* LittleRoundBtn.swift */; };
		4CC07FC123B35A7300851B45 /* RoundImageView.swift in Sources */ = {isa = PBXBuildFile; fileRef = 4CC07FC023B35A7300851B45 /* RoundImageView.swift */; };
		4CC07FC523B35BA400851B45 /* GetMoreInfo4VC.swift in Sources */ = {isa = PBXBuildFile; fileRef = 4CC07FC423B35BA400851B45 /* GetMoreInfo4VC.swift */; };
		4CC7D9B923C63BD5004576BB /* ReportVC.swift in Sources */ = {isa = PBXBuildFile; fileRef = 4CC7D9B823C63BD5004576BB /* ReportVC.swift */; };
		4CC7D9BE23C64722004576BB /* ReportCVCell.swift in Sources */ = {isa = PBXBuildFile; fileRef = 4CC7D9BD23C64722004576BB /* ReportCVCell.swift */; };
		4CCBE95A23FADD11002FA879 /* UserNotifications.framework in Frameworks */ = {isa = PBXBuildFile; fileRef = 4CCBE95923FADD11002FA879 /* UserNotifications.framework */; };
		4CCBE95C23FADD1A002FA879 /* PushKit.framework in Frameworks */ = {isa = PBXBuildFile; fileRef = 4CCBE95B23FADD1A002FA879 /* PushKit.framework */; };
		4CD5A5D023C2F45E00A8E225 /* CustomLabel.swift in Sources */ = {isa = PBXBuildFile; fileRef = 4CD5A5CF23C2F45E00A8E225 /* CustomLabel.swift */; };
		4CE733ED23FCF0CD00DB97EB /* ReportListService.swift in Sources */ = {isa = PBXBuildFile; fileRef = 4CE733EC23FCF0CD00DB97EB /* ReportListService.swift */; };
		4CE733EF23FCF0D900DB97EB /* ReportDetailService.swift in Sources */ = {isa = PBXBuildFile; fileRef = 4CE733EE23FCF0D900DB97EB /* ReportDetailService.swift */; };
/* End PBXBuildFile section */

/* Begin PBXFileReference section */
		4C1035A523B8FEC60057F0B1 /* Home.storyboard */ = {isa = PBXFileReference; lastKnownFileType = file.storyboard; path = Home.storyboard; sourceTree = "<group>"; };
		4C1035A723B907F50057F0B1 /* 나눔손글씨 배은혜체.ttf */ = {isa = PBXFileReference; lastKnownFileType = file; name = "나눔손글씨 배은혜체.ttf"; path = "GitCat/Resources/Fonts/나눔손글씨 배은혜체.ttf"; sourceTree = SOURCE_ROOT; };
		4C1035AB23B9D1430057F0B1 /* HomeVC.swift */ = {isa = PBXFileReference; lastKnownFileType = sourcecode.swift; path = HomeVC.swift; sourceTree = "<group>"; };
		4C2DDD0923EAEEF200FCB36B /* TutorialCVCell.swift */ = {isa = PBXFileReference; lastKnownFileType = sourcecode.swift; path = TutorialCVCell.swift; sourceTree = "<group>"; };
		4C2DDD0C23EB1FD200FCB36B /* SelectCatCVCell.swift */ = {isa = PBXFileReference; lastKnownFileType = sourcecode.swift; path = SelectCatCVCell.swift; sourceTree = "<group>"; };
		4C3B8E5A2402449B008735DE /* AuthManageVC.swift */ = {isa = PBXFileReference; lastKnownFileType = sourcecode.swift; path = AuthManageVC.swift; sourceTree = "<group>"; };
		4C4A923123BA2476002E5F35 /* MidRepoVC.swift */ = {isa = PBXFileReference; lastKnownFileType = sourcecode.swift; path = MidRepoVC.swift; sourceTree = "<group>"; };
		4C68D10223B09D3E00A8F813 /* GitCat.app */ = {isa = PBXFileReference; explicitFileType = wrapper.application; includeInIndex = 0; path = GitCat.app; sourceTree = BUILT_PRODUCTS_DIR; };
		4C68D10523B09D3E00A8F813 /* AppDelegate.swift */ = {isa = PBXFileReference; lastKnownFileType = sourcecode.swift; path = AppDelegate.swift; sourceTree = "<group>"; };
		4C68D10C23B09D4000A8F813 /* Assets.xcassets */ = {isa = PBXFileReference; lastKnownFileType = folder.assetcatalog; path = Assets.xcassets; sourceTree = "<group>"; };
		4C68D10F23B09D4000A8F813 /* Base */ = {isa = PBXFileReference; lastKnownFileType = file.storyboard; name = Base; path = Base.lproj/LaunchScreen.storyboard; sourceTree = "<group>"; };
		4C68D11123B09D4000A8F813 /* Info.plist */ = {isa = PBXFileReference; lastKnownFileType = text.plist.xml; path = Info.plist; sourceTree = "<group>"; };
		4C68D12B23B0AAB100A8F813 /* BasicExtension.swift */ = {isa = PBXFileReference; lastKnownFileType = sourcecode.swift; path = BasicExtension.swift; sourceTree = "<group>"; };
		4C68D13423B0D02400A8F813 /* SignInVC.swift */ = {isa = PBXFileReference; lastKnownFileType = sourcecode.swift; path = SignInVC.swift; sourceTree = "<group>"; };
		4C7C0E0A23D489DA00669B38 /* CommitDetailTVCell.swift */ = {isa = PBXFileReference; lastKnownFileType = sourcecode.swift; path = CommitDetailTVCell.swift; sourceTree = "<group>"; };
		4C7C0E1023D4A11400669B38 /* CustomHeaderTVCell.swift */ = {isa = PBXFileReference; lastKnownFileType = sourcecode.swift; path = CustomHeaderTVCell.swift; sourceTree = "<group>"; };
		4C7C0E1223D4AB0100669B38 /* AlarmVC.swift */ = {isa = PBXFileReference; lastKnownFileType = sourcecode.swift; path = AlarmVC.swift; sourceTree = "<group>"; };
		4C7C0E1423D5650D00669B38 /* MainTabBarVC.swift */ = {isa = PBXFileReference; lastKnownFileType = sourcecode.swift; path = MainTabBarVC.swift; sourceTree = "<group>"; };
		4C7C0E1623D587CF00669B38 /* CatCollectionVC.swift */ = {isa = PBXFileReference; lastKnownFileType = sourcecode.swift; path = CatCollectionVC.swift; sourceTree = "<group>"; };
		4C7C0E1823D59D2B00669B38 /* CatCollectionCVCell.swift */ = {isa = PBXFileReference; lastKnownFileType = sourcecode.swift; path = CatCollectionCVCell.swift; sourceTree = "<group>"; };
		4C7C0E6623D8044B00669B38 /* HttpResponseCode.swift */ = {isa = PBXFileReference; lastKnownFileType = sourcecode.swift; path = HttpResponseCode.swift; sourceTree = "<group>"; };
		4C7C0E6823D80E9300669B38 /* APIService.swift */ = {isa = PBXFileReference; lastKnownFileType = sourcecode.swift; path = APIService.swift; sourceTree = "<group>"; };
		4C7C0E6C23D8133200669B38 /* GettableService.swift */ = {isa = PBXFileReference; lastKnownFileType = sourcecode.swift; path = GettableService.swift; sourceTree = "<group>"; };
		4C7C0E7023D96CB900669B38 /* OAuthVC.swift */ = {isa = PBXFileReference; lastKnownFileType = sourcecode.swift; path = OAuthVC.swift; sourceTree = "<group>"; };
		4C7C0E7723D9816000669B38 /* CommitCountModel.swift */ = {isa = PBXFileReference; lastKnownFileType = sourcecode.swift; path = CommitCountModel.swift; sourceTree = "<group>"; };
		4C7C0E7923D9826800669B38 /* CommitListModel.swift */ = {isa = PBXFileReference; lastKnownFileType = sourcecode.swift; path = CommitListModel.swift; sourceTree = "<group>"; };
		4C7C0E7B23D985C200669B38 /* CommitCountService.swift */ = {isa = PBXFileReference; lastKnownFileType = sourcecode.swift; path = CommitCountService.swift; sourceTree = "<group>"; };
		4C7C0E7D23D985D800669B38 /* CommitListService.swift */ = {isa = PBXFileReference; lastKnownFileType = sourcecode.swift; path = CommitListService.swift; sourceTree = "<group>"; };
		4C7C0E7F23DF158B00669B38 /* SettingVC.swift */ = {isa = PBXFileReference; lastKnownFileType = sourcecode.swift; path = SettingVC.swift; sourceTree = "<group>"; };
		4C7C9AAD2404D0020047C610 /* GIFExtension.swift */ = {isa = PBXFileReference; lastKnownFileType = sourcecode.swift; path = GIFExtension.swift; sourceTree = "<group>"; };
		4C7C9AAF2404D0D20047C610 /* DeveloperInfoVC.swift */ = {isa = PBXFileReference; lastKnownFileType = sourcecode.swift; path = DeveloperInfoVC.swift; sourceTree = "<group>"; };
		4C7C9AB12404D2580047C610 /* gif_loading2.gif */ = {isa = PBXFileReference; lastKnownFileType = image.gif; path = gif_loading2.gif; sourceTree = "<group>"; };
		4C8C9E6823CB574600E160B1 /* ReportDetailVC.swift */ = {isa = PBXFileReference; lastKnownFileType = sourcecode.swift; path = ReportDetailVC.swift; sourceTree = "<group>"; };
		4C99B3782403C46D003DFBA6 /* Auth.storyboard */ = {isa = PBXFileReference; fileEncoding = 4; lastKnownFileType = file.storyboard; path = Auth.storyboard; sourceTree = "<group>"; };
		4C99B37A2403C4C0003DFBA6 /* InstagramVc.swift */ = {isa = PBXFileReference; lastKnownFileType = sourcecode.swift; path = InstagramVc.swift; sourceTree = "<group>"; };
		4C9E8E8223C05564002BDE02 /* LittleRoundView.swift */ = {isa = PBXFileReference; lastKnownFileType = sourcecode.swift; path = LittleRoundView.swift; sourceTree = "<group>"; };
		4C9E8E8A23C1BF49002BDE02 /* AuthService.swift */ = {isa = PBXFileReference; lastKnownFileType = sourcecode.swift; path = AuthService.swift; sourceTree = "<group>"; };
		4C9E8EA123C1DAC0002BDE02 /* SignInCodeData.swift */ = {isa = PBXFileReference; lastKnownFileType = sourcecode.swift; path = SignInCodeData.swift; sourceTree = "<group>"; };
		4C9E8EAD23C1F427002BDE02 /* Requestable.swift */ = {isa = PBXFileReference; lastKnownFileType = sourcecode.swift; path = Requestable.swift; sourceTree = "<group>"; };
		4CA7A75823FB9D36004FC110 /* ReportListModel.swift */ = {isa = PBXFileReference; lastKnownFileType = sourcecode.swift; path = ReportListModel.swift; sourceTree = "<group>"; };
		4CA7A75A23FB9D51004FC110 /* ReportDetailModel.swift */ = {isa = PBXFileReference; lastKnownFileType = sourcecode.swift; path = ReportDetailModel.swift; sourceTree = "<group>"; };
		4CC07F9023B0EE1000851B45 /* ColorPalette.swift */ = {isa = PBXFileReference; lastKnownFileType = sourcecode.swift; path = ColorPalette.swift; sourceTree = "<group>"; };
		4CC07F9223B0F28100851B45 /* RoundView.swift */ = {isa = PBXFileReference; lastKnownFileType = sourcecode.swift; path = RoundView.swift; sourceTree = "<group>"; };
		4CC07F9423B1165200851B45 /* GetMoreInfo1VC.swift */ = {isa = PBXFileReference; lastKnownFileType = sourcecode.swift; path = GetMoreInfo1VC.swift; sourceTree = "<group>"; };
		4CC07F9E23B2452700851B45 /* GetMoreInfo2VC.swift */ = {isa = PBXFileReference; lastKnownFileType = sourcecode.swift; path = GetMoreInfo2VC.swift; sourceTree = "<group>"; };
		4CC07FAC23B314A200851B45 /* 20958984_UTOIMAGE_유토이미지고딕_R_OTF.otf */ = {isa = PBXFileReference; lastKnownFileType = file; name = "20958984_UTOIMAGE_유토이미지고딕_R_OTF.otf"; path = "GitCat/Resources/Fonts/20958984_UTOIMAGE_유토이미지고딕_R_OTF.otf"; sourceTree = SOURCE_ROOT; };
		4CC07FAD23B314A200851B45 /* 20958982_UTOIMAGE_유토이미지고딕_L_OTF.otf */ = {isa = PBXFileReference; lastKnownFileType = file; name = "20958982_UTOIMAGE_유토이미지고딕_L_OTF.otf"; path = "GitCat/Resources/Fonts/20958982_UTOIMAGE_유토이미지고딕_L_OTF.otf"; sourceTree = SOURCE_ROOT; };
		4CC07FAE23B314A200851B45 /* 20958980_UTOIMAGE_유토이미지고딕_B_OTF.otf */ = {isa = PBXFileReference; lastKnownFileType = file; name = "20958980_UTOIMAGE_유토이미지고딕_B_OTF.otf"; path = "GitCat/Resources/Fonts/20958980_UTOIMAGE_유토이미지고딕_B_OTF.otf"; sourceTree = SOURCE_ROOT; };
		4CC07FB423B317CA00851B45 /* RoundBtn.swift */ = {isa = PBXFileReference; lastKnownFileType = sourcecode.swift; path = RoundBtn.swift; sourceTree = "<group>"; };
		4CC07FB623B31A2C00851B45 /* VCExtension.swift */ = {isa = PBXFileReference; lastKnownFileType = sourcecode.swift; path = VCExtension.swift; sourceTree = "<group>"; };
		4CC07FBA23B3238C00851B45 /* GetMoreInfo3VC.swift */ = {isa = PBXFileReference; lastKnownFileType = sourcecode.swift; path = GetMoreInfo3VC.swift; sourceTree = "<group>"; };
		4CC07FBE23B330A600851B45 /* LittleRoundBtn.swift */ = {isa = PBXFileReference; lastKnownFileType = sourcecode.swift; path = LittleRoundBtn.swift; sourceTree = "<group>"; };
		4CC07FC023B35A7300851B45 /* RoundImageView.swift */ = {isa = PBXFileReference; lastKnownFileType = sourcecode.swift; path = RoundImageView.swift; sourceTree = "<group>"; };
		4CC07FC423B35BA400851B45 /* GetMoreInfo4VC.swift */ = {isa = PBXFileReference; lastKnownFileType = sourcecode.swift; path = GetMoreInfo4VC.swift; sourceTree = "<group>"; };
		4CC7D9B823C63BD5004576BB /* ReportVC.swift */ = {isa = PBXFileReference; lastKnownFileType = sourcecode.swift; path = ReportVC.swift; sourceTree = "<group>"; };
		4CC7D9BD23C64722004576BB /* ReportCVCell.swift */ = {isa = PBXFileReference; lastKnownFileType = sourcecode.swift; path = ReportCVCell.swift; sourceTree = "<group>"; };
		4CCBE95923FADD11002FA879 /* UserNotifications.framework */ = {isa = PBXFileReference; lastKnownFileType = wrapper.framework; name = UserNotifications.framework; path = System/Library/Frameworks/UserNotifications.framework; sourceTree = SDKROOT; };
		4CCBE95B23FADD1A002FA879 /* PushKit.framework */ = {isa = PBXFileReference; lastKnownFileType = wrapper.framework; name = PushKit.framework; path = System/Library/Frameworks/PushKit.framework; sourceTree = SDKROOT; };
		4CCBE95D23FADD7D002FA879 /* GitCatDebug.entitlements */ = {isa = PBXFileReference; lastKnownFileType = text.plist.entitlements; path = GitCatDebug.entitlements; sourceTree = "<group>"; };
		4CD5A5CF23C2F45E00A8E225 /* CustomLabel.swift */ = {isa = PBXFileReference; lastKnownFileType = sourcecode.swift; path = CustomLabel.swift; sourceTree = "<group>"; };
		4CE733EC23FCF0CD00DB97EB /* ReportListService.swift */ = {isa = PBXFileReference; lastKnownFileType = sourcecode.swift; path = ReportListService.swift; sourceTree = "<group>"; };
		4CE733EE23FCF0D900DB97EB /* ReportDetailService.swift */ = {isa = PBXFileReference; lastKnownFileType = sourcecode.swift; path = ReportDetailService.swift; sourceTree = "<group>"; };
		7467F6BE814B831147F82671 /* Pods-GitCat.debug.xcconfig */ = {isa = PBXFileReference; includeInIndex = 1; lastKnownFileType = text.xcconfig; name = "Pods-GitCat.debug.xcconfig"; path = "Target Support Files/Pods-GitCat/Pods-GitCat.debug.xcconfig"; sourceTree = "<group>"; };
		C7FB3E5D46AAE40CBCA4F48F /* Pods_GitCat.framework */ = {isa = PBXFileReference; explicitFileType = wrapper.framework; includeInIndex = 0; path = Pods_GitCat.framework; sourceTree = BUILT_PRODUCTS_DIR; };
		D1814F3437C4FE65FFA6ECC9 /* Pods-GitCat.release.xcconfig */ = {isa = PBXFileReference; includeInIndex = 1; lastKnownFileType = text.xcconfig; name = "Pods-GitCat.release.xcconfig"; path = "Target Support Files/Pods-GitCat/Pods-GitCat.release.xcconfig"; sourceTree = "<group>"; };
/* End PBXFileReference section */

/* Begin PBXFrameworksBuildPhase section */
		4C68D0FF23B09D3E00A8F813 /* Frameworks */ = {
			isa = PBXFrameworksBuildPhase;
			buildActionMask = 2147483647;
			files = (
				4CCBE95C23FADD1A002FA879 /* PushKit.framework in Frameworks */,
				4CCBE95A23FADD11002FA879 /* UserNotifications.framework in Frameworks */,
				4C00F1D3823749A4A6E0DE0C /* Pods_GitCat.framework in Frameworks */,
			);
			runOnlyForDeploymentPostprocessing = 0;
		};
/* End PBXFrameworksBuildPhase section */

/* Begin PBXGroup section */
		2A257A301F546336F1E7EBD7 /* Frameworks */ = {
			isa = PBXGroup;
			children = (
				4CCBE95B23FADD1A002FA879 /* PushKit.framework */,
				4CCBE95923FADD11002FA879 /* UserNotifications.framework */,
				C7FB3E5D46AAE40CBCA4F48F /* Pods_GitCat.framework */,
			);
			name = Frameworks;
			sourceTree = "<group>";
		};
		4C0BAD8423BB083000A419A8 /* Main */ = {
			isa = PBXGroup;
			children = (
				4C7C0E7223D9802300669B38 /* Util */,
				4CC7D9BA23C63BF4004576BB /* View */,
				4CD5A5D923C2FCEA00A8E225 /* VC */,
				4CD5A5D823C2FCD400A8E225 /* storyboard */,
			);
			path = Main;
			sourceTree = "<group>";
		};
		4C2DDD0B23EB1FB700FCB36B /* View */ = {
			isa = PBXGroup;
			children = (
				4C2DDD0C23EB1FD200FCB36B /* SelectCatCVCell.swift */,
			);
			path = View;
			sourceTree = "<group>";
		};
		4C68D0F923B09D3E00A8F813 = {
			isa = PBXGroup;
			children = (
				4C68D10423B09D3E00A8F813 /* GitCat */,
				4C68D10323B09D3E00A8F813 /* Products */,
				538C12053FE7C5153A087EC7 /* Pods */,
				2A257A301F546336F1E7EBD7 /* Frameworks */,
			);
			sourceTree = "<group>";
		};
		4C68D10323B09D3E00A8F813 /* Products */ = {
			isa = PBXGroup;
			children = (
				4C68D10223B09D3E00A8F813 /* GitCat.app */,
			);
			name = Products;
			sourceTree = "<group>";
		};
		4C68D10423B09D3E00A8F813 /* GitCat */ = {
			isa = PBXGroup;
			children = (
				4CCBE95D23FADD7D002FA879 /* GitCatDebug.entitlements */,
				4C9E8E9323C1D3F6002BDE02 /* Utils */,
				4C68D11823B0A32D00A8F813 /* Resources */,
				4CD5A5D123C2FB5500A8E225 /* Splash */,
				4CD5A5D223C2FB6D00A8E225 /* Auth */,
				4C0BAD8423BB083000A419A8 /* Main */,
				4C68D10523B09D3E00A8F813 /* AppDelegate.swift */,
			);
			path = GitCat;
			sourceTree = "<group>";
		};
		4C68D11823B0A32D00A8F813 /* Resources */ = {
			isa = PBXGroup;
			children = (
				4C7C9AB32404D47A0047C610 /* Gifs */,
				4C68D11E23B0A39B00A8F813 /* Views */,
				4C68D12123B0A50A00A8F813 /* Fonts */,
				4C68D10C23B09D4000A8F813 /* Assets.xcassets */,
				4C68D11123B09D4000A8F813 /* Info.plist */,
			);
			path = Resources;
			sourceTree = "<group>";
		};
		4C68D11B23B0A38100A8F813 /* Extensions */ = {
			isa = PBXGroup;
			children = (
				4C68D12B23B0AAB100A8F813 /* BasicExtension.swift */,
				4CC07F9023B0EE1000851B45 /* ColorPalette.swift */,
				4CC07FB623B31A2C00851B45 /* VCExtension.swift */,
				4C7C9AAD2404D0020047C610 /* GIFExtension.swift */,
			);
			path = Extensions;
			sourceTree = "<group>";
		};
		4C68D11E23B0A39B00A8F813 /* Views */ = {
			isa = PBXGroup;
			children = (
				4CC07F9223B0F28100851B45 /* RoundView.swift */,
				4C9E8E8223C05564002BDE02 /* LittleRoundView.swift */,
				4CC07FB423B317CA00851B45 /* RoundBtn.swift */,
				4CC07FBE23B330A600851B45 /* LittleRoundBtn.swift */,
				4CC07FC023B35A7300851B45 /* RoundImageView.swift */,
				4CD5A5CF23C2F45E00A8E225 /* CustomLabel.swift */,
			);
			path = Views;
			sourceTree = "<group>";
		};
		4C68D12123B0A50A00A8F813 /* Fonts */ = {
			isa = PBXGroup;
			children = (
				4C1035A723B907F50057F0B1 /* 나눔손글씨 배은혜체.ttf */,
				4CC07FAE23B314A200851B45 /* 20958980_UTOIMAGE_유토이미지고딕_B_OTF.otf */,
				4CC07FAD23B314A200851B45 /* 20958982_UTOIMAGE_유토이미지고딕_L_OTF.otf */,
				4CC07FAC23B314A200851B45 /* 20958984_UTOIMAGE_유토이미지고딕_R_OTF.otf */,
			);
			path = Fonts;
			sourceTree = "<group>";
		};
		4C7C0E7223D9802300669B38 /* Util */ = {
			isa = PBXGroup;
			children = (
				4C7C0E7423D9803500669B38 /* Service */,
				4C7C0E7323D9802B00669B38 /* Model */,
			);
			path = Util;
			sourceTree = "<group>";
		};
		4C7C0E7323D9802B00669B38 /* Model */ = {
			isa = PBXGroup;
			children = (
				4C7C0E7723D9816000669B38 /* CommitCountModel.swift */,
				4C7C0E7923D9826800669B38 /* CommitListModel.swift */,
				4CA7A75823FB9D36004FC110 /* ReportListModel.swift */,
				4CA7A75A23FB9D51004FC110 /* ReportDetailModel.swift */,
			);
			path = Model;
			sourceTree = "<group>";
		};
		4C7C0E7423D9803500669B38 /* Service */ = {
			isa = PBXGroup;
			children = (
				4C7C0E7B23D985C200669B38 /* CommitCountService.swift */,
				4C7C0E7D23D985D800669B38 /* CommitListService.swift */,
				4CE733EC23FCF0CD00DB97EB /* ReportListService.swift */,
				4CE733EE23FCF0D900DB97EB /* ReportDetailService.swift */,
			);
			path = Service;
			sourceTree = "<group>";
		};
		4C7C9AB32404D47A0047C610 /* Gifs */ = {
			isa = PBXGroup;
			children = (
				4C7C9AB12404D2580047C610 /* gif_loading2.gif */,
			);
			path = Gifs;
			sourceTree = "<group>";
		};
		4C9E8E9323C1D3F6002BDE02 /* Utils */ = {
			isa = PBXGroup;
			children = (
				4C68D11B23B0A38100A8F813 /* Extensions */,
				4C9E8E9423C1D3FA002BDE02 /* Network */,
			);
			path = Utils;
			sourceTree = "<group>";
		};
		4C9E8E9423C1D3FA002BDE02 /* Network */ = {
			isa = PBXGroup;
			children = (
				4C9E8EAD23C1F427002BDE02 /* Requestable.swift */,
				4C7C0E6623D8044B00669B38 /* HttpResponseCode.swift */,
				4C7C0E6823D80E9300669B38 /* APIService.swift */,
				4C7C0E6C23D8133200669B38 /* GettableService.swift */,
			);
			path = Network;
			sourceTree = "<group>";
		};
		4CC7D9BA23C63BF4004576BB /* View */ = {
			isa = PBXGroup;
			children = (
				4CC7D9BD23C64722004576BB /* ReportCVCell.swift */,
				4C7C0E0A23D489DA00669B38 /* CommitDetailTVCell.swift */,
				4C7C0E1023D4A11400669B38 /* CustomHeaderTVCell.swift */,
				4C7C0E1823D59D2B00669B38 /* CatCollectionCVCell.swift */,
				4C2DDD0923EAEEF200FCB36B /* TutorialCVCell.swift */,
			);
			path = View;
			sourceTree = "<group>";
		};
		4CD5A5D123C2FB5500A8E225 /* Splash */ = {
			isa = PBXGroup;
			children = (
				4C68D10E23B09D4000A8F813 /* LaunchScreen.storyboard */,
			);
			path = Splash;
			sourceTree = "<group>";
		};
		4CD5A5D223C2FB6D00A8E225 /* Auth */ = {
			isa = PBXGroup;
			children = (
				4C2DDD0B23EB1FB700FCB36B /* View */,
				4CD5A5D523C2FCB000A8E225 /* Util */,
				4CD5A5D423C2FC8400A8E225 /* VC */,
				4CD5A5D323C2FC7000A8E225 /* Storyboard */,
			);
			path = Auth;
			sourceTree = "<group>";
		};
		4CD5A5D323C2FC7000A8E225 /* Storyboard */ = {
			isa = PBXGroup;
			children = (
				4C99B3782403C46D003DFBA6 /* Auth.storyboard */,
			);
			path = Storyboard;
			sourceTree = "<group>";
		};
		4CD5A5D423C2FC8400A8E225 /* VC */ = {
			isa = PBXGroup;
			children = (
				4C68D13423B0D02400A8F813 /* SignInVC.swift */,
				4CC07F9423B1165200851B45 /* GetMoreInfo1VC.swift */,
				4CC07F9E23B2452700851B45 /* GetMoreInfo2VC.swift */,
				4CC07FBA23B3238C00851B45 /* GetMoreInfo3VC.swift */,
				4CC07FC423B35BA400851B45 /* GetMoreInfo4VC.swift */,
				4C7C0E7023D96CB900669B38 /* OAuthVC.swift */,
			);
			path = VC;
			sourceTree = "<group>";
		};
		4CD5A5D523C2FCB000A8E225 /* Util */ = {
			isa = PBXGroup;
			children = (
				4CD5A5D723C2FCC600A8E225 /* Service */,
				4CD5A5D623C2FCBA00A8E225 /* Model */,
			);
			path = Util;
			sourceTree = "<group>";
		};
		4CD5A5D623C2FCBA00A8E225 /* Model */ = {
			isa = PBXGroup;
			children = (
				4C9E8EA123C1DAC0002BDE02 /* SignInCodeData.swift */,
			);
			path = Model;
			sourceTree = "<group>";
		};
		4CD5A5D723C2FCC600A8E225 /* Service */ = {
			isa = PBXGroup;
			children = (
				4C9E8E8A23C1BF49002BDE02 /* AuthService.swift */,
			);
			path = Service;
			sourceTree = "<group>";
		};
		4CD5A5D823C2FCD400A8E225 /* storyboard */ = {
			isa = PBXGroup;
			children = (
				4C1035A523B8FEC60057F0B1 /* Home.storyboard */,
			);
			path = storyboard;
			sourceTree = "<group>";
		};
		4CD5A5D923C2FCEA00A8E225 /* VC */ = {
			isa = PBXGroup;
			children = (
				4C1035AB23B9D1430057F0B1 /* HomeVC.swift */,
				4C4A923123BA2476002E5F35 /* MidRepoVC.swift */,
				4CC7D9B823C63BD5004576BB /* ReportVC.swift */,
				4C8C9E6823CB574600E160B1 /* ReportDetailVC.swift */,
				4C7C0E1223D4AB0100669B38 /* AlarmVC.swift */,
				4C7C0E1423D5650D00669B38 /* MainTabBarVC.swift */,
				4C7C0E1623D587CF00669B38 /* CatCollectionVC.swift */,
				4C7C0E7F23DF158B00669B38 /* SettingVC.swift */,
				4C3B8E5A2402449B008735DE /* AuthManageVC.swift */,
				4C99B37A2403C4C0003DFBA6 /* InstagramVc.swift */,
				4C7C9AAF2404D0D20047C610 /* DeveloperInfoVC.swift */,
			);
			path = VC;
			sourceTree = "<group>";
		};
		538C12053FE7C5153A087EC7 /* Pods */ = {
			isa = PBXGroup;
			children = (
				7467F6BE814B831147F82671 /* Pods-GitCat.debug.xcconfig */,
				D1814F3437C4FE65FFA6ECC9 /* Pods-GitCat.release.xcconfig */,
			);
			path = Pods;
			sourceTree = "<group>";
		};
/* End PBXGroup section */

/* Begin PBXNativeTarget section */
		4C68D10123B09D3E00A8F813 /* GitCat */ = {
			isa = PBXNativeTarget;
			buildConfigurationList = 4C68D11423B09D4000A8F813 /* Build configuration list for PBXNativeTarget "GitCat" */;
			buildPhases = (
				8E2103A2D3523DFB3C603AE3 /* [CP] Check Pods Manifest.lock */,
				4C68D0FE23B09D3E00A8F813 /* Sources */,
				4C68D0FF23B09D3E00A8F813 /* Frameworks */,
				4C68D10023B09D3E00A8F813 /* Resources */,
				BBFE7AC01CF46E03C8AD77CA /* [CP] Embed Pods Frameworks */,
			);
			buildRules = (
			);
			dependencies = (
			);
			name = GitCat;
			productName = GitCat;
			productReference = 4C68D10223B09D3E00A8F813 /* GitCat.app */;
			productType = "com.apple.product-type.application";
		};
/* End PBXNativeTarget section */

/* Begin PBXProject section */
		4C68D0FA23B09D3E00A8F813 /* Project object */ = {
			isa = PBXProject;
			attributes = {
				LastSwiftUpdateCheck = 1020;
				LastUpgradeCheck = 1020;
				ORGANIZATIONNAME = "조윤영";
				TargetAttributes = {
					4C68D10123B09D3E00A8F813 = {
						CreatedOnToolsVersion = 10.2.1;
					};
				};
			};
			buildConfigurationList = 4C68D0FD23B09D3E00A8F813 /* Build configuration list for PBXProject "GitCat" */;
			compatibilityVersion = "Xcode 9.3";
			developmentRegion = en;
			hasScannedForEncodings = 0;
			knownRegions = (
				en,
				Base,
			);
			mainGroup = 4C68D0F923B09D3E00A8F813;
			productRefGroup = 4C68D10323B09D3E00A8F813 /* Products */;
			projectDirPath = "";
			projectRoot = "";
			targets = (
				4C68D10123B09D3E00A8F813 /* GitCat */,
			);
		};
/* End PBXProject section */

/* Begin PBXResourcesBuildPhase section */
		4C68D10023B09D3E00A8F813 /* Resources */ = {
			isa = PBXResourcesBuildPhase;
			buildActionMask = 2147483647;
			files = (
				4C99B3792403C46D003DFBA6 /* Auth.storyboard in Resources */,
				4C1035A623B8FEC60057F0B1 /* Home.storyboard in Resources */,
				4CC07FB323B314F700851B45 /* 20958982_UTOIMAGE_유토이미지고딕_L_OTF.otf in Resources */,
				4CC07FAF23B314A200851B45 /* 20958984_UTOIMAGE_유토이미지고딕_R_OTF.otf in Resources */,
				4C68D11023B09D4000A8F813 /* LaunchScreen.storyboard in Resources */,
				4C68D10D23B09D4000A8F813 /* Assets.xcassets in Resources */,
				4CC07FB223B314F200851B45 /* 20958980_UTOIMAGE_유토이미지고딕_B_OTF.otf in Resources */,
				4C1035A923B9084D0057F0B1 /* 나눔손글씨 배은혜체.ttf in Resources */,
				4C7C9AB22404D2590047C610 /* gif_loading2.gif in Resources */,
			);
			runOnlyForDeploymentPostprocessing = 0;
		};
/* End PBXResourcesBuildPhase section */

/* Begin PBXShellScriptBuildPhase section */
		8E2103A2D3523DFB3C603AE3 /* [CP] Check Pods Manifest.lock */ = {
			isa = PBXShellScriptBuildPhase;
			buildActionMask = 2147483647;
			files = (
			);
			inputFileListPaths = (
			);
			inputPaths = (
				"${PODS_PODFILE_DIR_PATH}/Podfile.lock",
				"${PODS_ROOT}/Manifest.lock",
			);
			name = "[CP] Check Pods Manifest.lock";
			outputFileListPaths = (
			);
			outputPaths = (
				"$(DERIVED_FILE_DIR)/Pods-GitCat-checkManifestLockResult.txt",
			);
			runOnlyForDeploymentPostprocessing = 0;
			shellPath = /bin/sh;
			shellScript = "diff \"${PODS_PODFILE_DIR_PATH}/Podfile.lock\" \"${PODS_ROOT}/Manifest.lock\" > /dev/null\nif [ $? != 0 ] ; then\n    # print error to STDERR\n    echo \"error: The sandbox is not in sync with the Podfile.lock. Run 'pod install' or update your CocoaPods installation.\" >&2\n    exit 1\nfi\n# This output is used by Xcode 'outputs' to avoid re-running this script phase.\necho \"SUCCESS\" > \"${SCRIPT_OUTPUT_FILE_0}\"\n";
			showEnvVarsInLog = 0;
		};
		BBFE7AC01CF46E03C8AD77CA /* [CP] Embed Pods Frameworks */ = {
			isa = PBXShellScriptBuildPhase;
			buildActionMask = 2147483647;
			files = (
			);
			inputFileListPaths = (
				"${PODS_ROOT}/Target Support Files/Pods-GitCat/Pods-GitCat-frameworks-${CONFIGURATION}-input-files.xcfilelist",
			);
			name = "[CP] Embed Pods Frameworks";
			outputFileListPaths = (
				"${PODS_ROOT}/Target Support Files/Pods-GitCat/Pods-GitCat-frameworks-${CONFIGURATION}-output-files.xcfilelist",
			);
			runOnlyForDeploymentPostprocessing = 0;
			shellPath = /bin/sh;
			shellScript = "\"${PODS_ROOT}/Target Support Files/Pods-GitCat/Pods-GitCat-frameworks.sh\"\n";
			showEnvVarsInLog = 0;
		};
/* End PBXShellScriptBuildPhase section */

/* Begin PBXSourcesBuildPhase section */
		4C68D0FE23B09D3E00A8F813 /* Sources */ = {
			isa = PBXSourcesBuildPhase;
			buildActionMask = 2147483647;
			files = (
				4CE733EF23FCF0D900DB97EB /* ReportDetailService.swift in Sources */,
				4CC07FBF23B330A600851B45 /* LittleRoundBtn.swift in Sources */,
				4C1035AC23B9D1430057F0B1 /* HomeVC.swift in Sources */,
				4CC7D9BE23C64722004576BB /* ReportCVCell.swift in Sources */,
				4C7C0E1923D59D2B00669B38 /* CatCollectionCVCell.swift in Sources */,
				4CC07FB723B31A2C00851B45 /* VCExtension.swift in Sources */,
				4C68D10623B09D3E00A8F813 /* AppDelegate.swift in Sources */,
				4C4A923223BA2476002E5F35 /* MidRepoVC.swift in Sources */,
				4CC07F9F23B2452700851B45 /* GetMoreInfo2VC.swift in Sources */,
				4C9E8E8B23C1BF49002BDE02 /* AuthService.swift in Sources */,
				4C9E8E8323C05564002BDE02 /* LittleRoundView.swift in Sources */,
				4C7C9AB02404D0D20047C610 /* DeveloperInfoVC.swift in Sources */,
				4C7C0E0B23D489DA00669B38 /* CommitDetailTVCell.swift in Sources */,
				4CC07F9323B0F28100851B45 /* RoundView.swift in Sources */,
				4C7C9AAE2404D0020047C610 /* GIFExtension.swift in Sources */,
				4C7C0E7C23D985C200669B38 /* CommitCountService.swift in Sources */,
				4CC07FC123B35A7300851B45 /* RoundImageView.swift in Sources */,
				4CC07FC523B35BA400851B45 /* GetMoreInfo4VC.swift in Sources */,
				4C7C0E1723D587CF00669B38 /* CatCollectionVC.swift in Sources */,
				4C7C0E1523D5650D00669B38 /* MainTabBarVC.swift in Sources */,
				4CC07FBB23B3238C00851B45 /* GetMoreInfo3VC.swift in Sources */,
				4C7C0E1323D4AB0100669B38 /* AlarmVC.swift in Sources */,
				4C3B8E5B2402449C008735DE /* AuthManageVC.swift in Sources */,
				4C8C9E6923CB574600E160B1 /* ReportDetailVC.swift in Sources */,
				4CD5A5D023C2F45E00A8E225 /* CustomLabel.swift in Sources */,
				4C7C0E7E23D985D800669B38 /* CommitListService.swift in Sources */,
				4C68D12C23B0AAB100A8F813 /* BasicExtension.swift in Sources */,
				4C7C0E7A23D9826800669B38 /* CommitListModel.swift in Sources */,
				4C7C0E6923D80E9300669B38 /* APIService.swift in Sources */,
				4C7C0E8023DF158B00669B38 /* SettingVC.swift in Sources */,
				4C68D13523B0D02400A8F813 /* SignInVC.swift in Sources */,
				4C7C0E7823D9816000669B38 /* CommitCountModel.swift in Sources */,
				4CA7A75B23FB9D51004FC110 /* ReportDetailModel.swift in Sources */,
				4CC7D9B923C63BD5004576BB /* ReportVC.swift in Sources */,
				4C9E8EAE23C1F427002BDE02 /* Requestable.swift in Sources */,
				4C99B37B2403C4C0003DFBA6 /* InstagramVc.swift in Sources */,
				4C2DDD0A23EAEEF200FCB36B /* TutorialCVCell.swift in Sources */,
				4C7C0E7123D96CB900669B38 /* OAuthVC.swift in Sources */,
				4C7C0E1123D4A11400669B38 /* CustomHeaderTVCell.swift in Sources */,
				4C2DDD0D23EB1FD200FCB36B /* SelectCatCVCell.swift in Sources */,
				4CE733ED23FCF0CD00DB97EB /* ReportListService.swift in Sources */,
				4CA7A75923FB9D36004FC110 /* ReportListModel.swift in Sources */,
				4C7C0E6723D8044B00669B38 /* HttpResponseCode.swift in Sources */,
				4C7C0E6D23D8133200669B38 /* GettableService.swift in Sources */,
				4CC07FB523B317CA00851B45 /* RoundBtn.swift in Sources */,
				4CC07F9523B1165200851B45 /* GetMoreInfo1VC.swift in Sources */,
				4C9E8EA223C1DAC0002BDE02 /* SignInCodeData.swift in Sources */,
				4CC07F9123B0EE1000851B45 /* ColorPalette.swift in Sources */,
			);
			runOnlyForDeploymentPostprocessing = 0;
		};
/* End PBXSourcesBuildPhase section */

/* Begin PBXVariantGroup section */
		4C68D10E23B09D4000A8F813 /* LaunchScreen.storyboard */ = {
			isa = PBXVariantGroup;
			children = (
				4C68D10F23B09D4000A8F813 /* Base */,
			);
			name = LaunchScreen.storyboard;
			sourceTree = "<group>";
		};
/* End PBXVariantGroup section */

/* Begin XCBuildConfiguration section */
		4C68D11223B09D4000A8F813 /* Debug */ = {
			isa = XCBuildConfiguration;
			buildSettings = {
				ALWAYS_SEARCH_USER_PATHS = NO;
				CLANG_ANALYZER_NONNULL = YES;
				CLANG_ANALYZER_NUMBER_OBJECT_CONVERSION = YES_AGGRESSIVE;
				CLANG_CXX_LANGUAGE_STANDARD = "gnu++14";
				CLANG_CXX_LIBRARY = "libc++";
				CLANG_ENABLE_MODULES = YES;
				CLANG_ENABLE_OBJC_ARC = YES;
				CLANG_ENABLE_OBJC_WEAK = YES;
				CLANG_WARN_BLOCK_CAPTURE_AUTORELEASING = YES;
				CLANG_WARN_BOOL_CONVERSION = YES;
				CLANG_WARN_COMMA = YES;
				CLANG_WARN_CONSTANT_CONVERSION = YES;
				CLANG_WARN_DEPRECATED_OBJC_IMPLEMENTATIONS = YES;
				CLANG_WARN_DIRECT_OBJC_ISA_USAGE = YES_ERROR;
				CLANG_WARN_DOCUMENTATION_COMMENTS = YES;
				CLANG_WARN_EMPTY_BODY = YES;
				CLANG_WARN_ENUM_CONVERSION = YES;
				CLANG_WARN_INFINITE_RECURSION = YES;
				CLANG_WARN_INT_CONVERSION = YES;
				CLANG_WARN_NON_LITERAL_NULL_CONVERSION = YES;
				CLANG_WARN_OBJC_IMPLICIT_RETAIN_SELF = YES;
				CLANG_WARN_OBJC_LITERAL_CONVERSION = YES;
				CLANG_WARN_OBJC_ROOT_CLASS = YES_ERROR;
				CLANG_WARN_RANGE_LOOP_ANALYSIS = YES;
				CLANG_WARN_STRICT_PROTOTYPES = YES;
				CLANG_WARN_SUSPICIOUS_MOVE = YES;
				CLANG_WARN_UNGUARDED_AVAILABILITY = YES_AGGRESSIVE;
				CLANG_WARN_UNREACHABLE_CODE = YES;
				CLANG_WARN__DUPLICATE_METHOD_MATCH = YES;
				CODE_SIGN_IDENTITY = "Apple Development IOS Push Services: yoonyoung.GitCat";
				COPY_PHASE_STRIP = NO;
				DEBUG_INFORMATION_FORMAT = dwarf;
				ENABLE_STRICT_OBJC_MSGSEND = YES;
				ENABLE_TESTABILITY = YES;
				GCC_C_LANGUAGE_STANDARD = gnu11;
				GCC_DYNAMIC_NO_PIC = NO;
				GCC_NO_COMMON_BLOCKS = YES;
				GCC_OPTIMIZATION_LEVEL = 0;
				GCC_PREPROCESSOR_DEFINITIONS = (
					"DEBUG=1",
					"$(inherited)",
				);
				GCC_WARN_64_TO_32_BIT_CONVERSION = YES;
				GCC_WARN_ABOUT_RETURN_TYPE = YES_ERROR;
				GCC_WARN_UNDECLARED_SELECTOR = YES;
				GCC_WARN_UNINITIALIZED_AUTOS = YES_AGGRESSIVE;
				GCC_WARN_UNUSED_FUNCTION = YES;
				GCC_WARN_UNUSED_VARIABLE = YES;
				IPHONEOS_DEPLOYMENT_TARGET = 12.2;
				MTL_ENABLE_DEBUG_INFO = INCLUDE_SOURCE;
				MTL_FAST_MATH = YES;
				ONLY_ACTIVE_ARCH = YES;
				SDKROOT = iphoneos;
				SWIFT_ACTIVE_COMPILATION_CONDITIONS = DEBUG;
				SWIFT_OPTIMIZATION_LEVEL = "-Onone";
			};
			name = Debug;
		};
		4C68D11323B09D4000A8F813 /* Release */ = {
			isa = XCBuildConfiguration;
			buildSettings = {
				ALWAYS_SEARCH_USER_PATHS = NO;
				CLANG_ANALYZER_NONNULL = YES;
				CLANG_ANALYZER_NUMBER_OBJECT_CONVERSION = YES_AGGRESSIVE;
				CLANG_CXX_LANGUAGE_STANDARD = "gnu++14";
				CLANG_CXX_LIBRARY = "libc++";
				CLANG_ENABLE_MODULES = YES;
				CLANG_ENABLE_OBJC_ARC = YES;
				CLANG_ENABLE_OBJC_WEAK = YES;
				CLANG_WARN_BLOCK_CAPTURE_AUTORELEASING = YES;
				CLANG_WARN_BOOL_CONVERSION = YES;
				CLANG_WARN_COMMA = YES;
				CLANG_WARN_CONSTANT_CONVERSION = YES;
				CLANG_WARN_DEPRECATED_OBJC_IMPLEMENTATIONS = YES;
				CLANG_WARN_DIRECT_OBJC_ISA_USAGE = YES_ERROR;
				CLANG_WARN_DOCUMENTATION_COMMENTS = YES;
				CLANG_WARN_EMPTY_BODY = YES;
				CLANG_WARN_ENUM_CONVERSION = YES;
				CLANG_WARN_INFINITE_RECURSION = YES;
				CLANG_WARN_INT_CONVERSION = YES;
				CLANG_WARN_NON_LITERAL_NULL_CONVERSION = YES;
				CLANG_WARN_OBJC_IMPLICIT_RETAIN_SELF = YES;
				CLANG_WARN_OBJC_LITERAL_CONVERSION = YES;
				CLANG_WARN_OBJC_ROOT_CLASS = YES_ERROR;
				CLANG_WARN_RANGE_LOOP_ANALYSIS = YES;
				CLANG_WARN_STRICT_PROTOTYPES = YES;
				CLANG_WARN_SUSPICIOUS_MOVE = YES;
				CLANG_WARN_UNGUARDED_AVAILABILITY = YES_AGGRESSIVE;
				CLANG_WARN_UNREACHABLE_CODE = YES;
				CLANG_WARN__DUPLICATE_METHOD_MATCH = YES;
				CODE_SIGN_IDENTITY = "Apple Development IOS Push Services: yoonyoung.GitCat";
				COPY_PHASE_STRIP = NO;
				DEBUG_INFORMATION_FORMAT = "dwarf-with-dsym";
				ENABLE_NS_ASSERTIONS = NO;
				ENABLE_STRICT_OBJC_MSGSEND = YES;
				GCC_C_LANGUAGE_STANDARD = gnu11;
				GCC_NO_COMMON_BLOCKS = YES;
				GCC_WARN_64_TO_32_BIT_CONVERSION = YES;
				GCC_WARN_ABOUT_RETURN_TYPE = YES_ERROR;
				GCC_WARN_UNDECLARED_SELECTOR = YES;
				GCC_WARN_UNINITIALIZED_AUTOS = YES_AGGRESSIVE;
				GCC_WARN_UNUSED_FUNCTION = YES;
				GCC_WARN_UNUSED_VARIABLE = YES;
				IPHONEOS_DEPLOYMENT_TARGET = 12.2;
				MTL_ENABLE_DEBUG_INFO = NO;
				MTL_FAST_MATH = YES;
				SDKROOT = iphoneos;
				SWIFT_COMPILATION_MODE = wholemodule;
				SWIFT_OPTIMIZATION_LEVEL = "-O";
				VALIDATE_PRODUCT = YES;
			};
			name = Release;
		};
		4C68D11523B09D4000A8F813 /* Debug */ = {
			isa = XCBuildConfiguration;
			baseConfigurationReference = 7467F6BE814B831147F82671 /* Pods-GitCat.debug.xcconfig */;
			buildSettings = {
				ASSETCATALOG_COMPILER_APPICON_NAME = AppIcon;
				CODE_SIGN_ENTITLEMENTS = GitCat/GitCatDebug.entitlements;
				CODE_SIGN_IDENTITY = "iPhone Developer";
				CODE_SIGN_STYLE = Manual;
				DEVELOPMENT_TEAM = KT2XM3Z9DZ;
				INFOPLIST_FILE = "$(SRCROOT)/GitCat/Resources/Info.plist";
				LD_RUNPATH_SEARCH_PATHS = (
					"$(inherited)",
					"@executable_path/Frameworks",
				);
				PRODUCT_BUNDLE_IDENTIFIER = yoonyoung.GitCat;
				PRODUCT_NAME = "$(TARGET_NAME)";
				PROVISIONING_PROFILE_SPECIFIER = yoonyoung98;
				SWIFT_VERSION = 5.0;
				TARGETED_DEVICE_FAMILY = "1,2";
			};
			name = Debug;
		};
		4C68D11623B09D4000A8F813 /* Release */ = {
			isa = XCBuildConfiguration;
			baseConfigurationReference = D1814F3437C4FE65FFA6ECC9 /* Pods-GitCat.release.xcconfig */;
			buildSettings = {
				ASSETCATALOG_COMPILER_APPICON_NAME = AppIcon;
				CODE_SIGN_IDENTITY = "iPhone Developer";
				CODE_SIGN_STYLE = Manual;
				DEVELOPMENT_TEAM = KT2XM3Z9DZ;
				INFOPLIST_FILE = "$(SRCROOT)/GitCat/Resources/Info.plist";
				LD_RUNPATH_SEARCH_PATHS = (
					"$(inherited)",
					"@executable_path/Frameworks",
				);
				PRODUCT_BUNDLE_IDENTIFIER = yoonyoung.GitCat;
				PRODUCT_NAME = "$(TARGET_NAME)";
				PROVISIONING_PROFILE_SPECIFIER = yoonyoung98;
				SWIFT_VERSION = 5.0;
				TARGETED_DEVICE_FAMILY = "1,2";
			};
			name = Release;
		};
/* End XCBuildConfiguration section */

/* Begin XCConfigurationList section */
		4C68D0FD23B09D3E00A8F813 /* Build configuration list for PBXProject "GitCat" */ = {
			isa = XCConfigurationList;
			buildConfigurations = (
				4C68D11223B09D4000A8F813 /* Debug */,
				4C68D11323B09D4000A8F813 /* Release */,
			);
			defaultConfigurationIsVisible = 0;
			defaultConfigurationName = Release;
		};
		4C68D11423B09D4000A8F813 /* Build configuration list for PBXNativeTarget "GitCat" */ = {
			isa = XCConfigurationList;
			buildConfigurations = (
				4C68D11523B09D4000A8F813 /* Debug */,
				4C68D11623B09D4000A8F813 /* Release */,
			);
			defaultConfigurationIsVisible = 0;
			defaultConfigurationName = Release;
		};
/* End XCConfigurationList section */
	};
	rootObject = 4C68D0FA23B09D3E00A8F813 /* Project object */;
}
