// !$*UTF8*$!
{
	archiveVersion = 1;
	classes = {
	};
	objectVersion = 51;
	objects = {

/* Begin PBXBuildFile section */
		0D388BC21A1ECA16646E7A94 /* Pods_GitCat.framework in Frameworks */ = {isa = PBXBuildFile; fileRef = DDED2CBC0481737EEF6CC0FA /* Pods_GitCat.framework */; };
		4C68D10623B09D3E00A8F813 /* AppDelegate.swift in Sources */ = {isa = PBXBuildFile; fileRef = 4C68D10523B09D3E00A8F813 /* AppDelegate.swift */; };
		4C68D10D23B09D4000A8F813 /* Assets.xcassets in Resources */ = {isa = PBXBuildFile; fileRef = 4C68D10C23B09D4000A8F813 /* Assets.xcassets */; };
		4C68D11023B09D4000A8F813 /* LaunchScreen.storyboard in Resources */ = {isa = PBXBuildFile; fileRef = 4C68D10E23B09D4000A8F813 /* LaunchScreen.storyboard */; };
		4C68D12523B0A5EC00A8F813 /* SignIn.storyboard in Resources */ = {isa = PBXBuildFile; fileRef = 4C68D12423B0A5EC00A8F813 /* SignIn.storyboard */; };
		4C68D12C23B0AAB100A8F813 /* BasicExtension.swift in Sources */ = {isa = PBXBuildFile; fileRef = 4C68D12B23B0AAB100A8F813 /* BasicExtension.swift */; };
		4C68D13523B0D02400A8F813 /* SignInVC.swift in Sources */ = {isa = PBXBuildFile; fileRef = 4C68D13423B0D02400A8F813 /* SignInVC.swift */; };
		4CC07F9123B0EE1000851B45 /* ColorPalette.swift in Sources */ = {isa = PBXBuildFile; fileRef = 4CC07F9023B0EE1000851B45 /* ColorPalette.swift */; };
		4CC07F9323B0F28100851B45 /* RoundView.swift in Sources */ = {isa = PBXBuildFile; fileRef = 4CC07F9223B0F28100851B45 /* RoundView.swift */; };
		4CC07F9523B1165200851B45 /* GetMoreInfo1VC.swift in Sources */ = {isa = PBXBuildFile; fileRef = 4CC07F9423B1165200851B45 /* GetMoreInfo1VC.swift */; };
		4CC07F9923B209DB00851B45 /* 20958980_UTOIMAGE_유토이미지고딕_B_OTF.otf in Resources */ = {isa = PBXBuildFile; fileRef = 4CC07F9823B1FED000851B45 /* 20958980_UTOIMAGE_유토이미지고딕_B_OTF.otf */; };
		4CC07F9A23B209DE00851B45 /* 20958982_UTOIMAGE_유토이미지고딕_L_OTF.otf in Resources */ = {isa = PBXBuildFile; fileRef = 4CC07F9623B1FED000851B45 /* 20958982_UTOIMAGE_유토이미지고딕_L_OTF.otf */; };
		4CC07F9B23B209E100851B45 /* 20958984_UTOIMAGE_유토이미지고딕_R_OTF.otf in Resources */ = {isa = PBXBuildFile; fileRef = 4CC07F9723B1FED000851B45 /* 20958984_UTOIMAGE_유토이미지고딕_R_OTF.otf */; };
		4CC07F9D23B22F6800851B45 /* GreyRoundView.swift in Sources */ = {isa = PBXBuildFile; fileRef = 4CC07F9C23B22F6800851B45 /* GreyRoundView.swift */; };
		4CC07F9F23B2452700851B45 /* GetMoreInfo2VC.swift in Sources */ = {isa = PBXBuildFile; fileRef = 4CC07F9E23B2452700851B45 /* GetMoreInfo2VC.swift */; };
/* End PBXBuildFile section */

/* Begin PBXFileReference section */
		2A3DDF6957438C24576DA2E1 /* Pods-GitCat.debug.xcconfig */ = {isa = PBXFileReference; includeInIndex = 1; lastKnownFileType = text.xcconfig; name = "Pods-GitCat.debug.xcconfig"; path = "Target Support Files/Pods-GitCat/Pods-GitCat.debug.xcconfig"; sourceTree = "<group>"; };
		31A4904D021682BAC4E2667A /* Pods-GitCat.release.xcconfig */ = {isa = PBXFileReference; includeInIndex = 1; lastKnownFileType = text.xcconfig; name = "Pods-GitCat.release.xcconfig"; path = "Target Support Files/Pods-GitCat/Pods-GitCat.release.xcconfig"; sourceTree = "<group>"; };
		4C68D10223B09D3E00A8F813 /* GitCat.app */ = {isa = PBXFileReference; explicitFileType = wrapper.application; includeInIndex = 0; path = GitCat.app; sourceTree = BUILT_PRODUCTS_DIR; };
		4C68D10523B09D3E00A8F813 /* AppDelegate.swift */ = {isa = PBXFileReference; lastKnownFileType = sourcecode.swift; path = AppDelegate.swift; sourceTree = "<group>"; };
		4C68D10C23B09D4000A8F813 /* Assets.xcassets */ = {isa = PBXFileReference; lastKnownFileType = folder.assetcatalog; path = Assets.xcassets; sourceTree = "<group>"; };
		4C68D10F23B09D4000A8F813 /* Base */ = {isa = PBXFileReference; lastKnownFileType = file.storyboard; name = Base; path = Base.lproj/LaunchScreen.storyboard; sourceTree = "<group>"; };
		4C68D11123B09D4000A8F813 /* Info.plist */ = {isa = PBXFileReference; lastKnownFileType = text.plist.xml; path = Info.plist; sourceTree = "<group>"; };
		4C68D12423B0A5EC00A8F813 /* SignIn.storyboard */ = {isa = PBXFileReference; lastKnownFileType = file.storyboard; path = SignIn.storyboard; sourceTree = "<group>"; };
		4C68D12B23B0AAB100A8F813 /* BasicExtension.swift */ = {isa = PBXFileReference; lastKnownFileType = sourcecode.swift; path = BasicExtension.swift; sourceTree = "<group>"; };
		4C68D13423B0D02400A8F813 /* SignInVC.swift */ = {isa = PBXFileReference; lastKnownFileType = sourcecode.swift; path = SignInVC.swift; sourceTree = "<group>"; };
		4CC07F9023B0EE1000851B45 /* ColorPalette.swift */ = {isa = PBXFileReference; lastKnownFileType = sourcecode.swift; path = ColorPalette.swift; sourceTree = "<group>"; };
		4CC07F9223B0F28100851B45 /* RoundView.swift */ = {isa = PBXFileReference; lastKnownFileType = sourcecode.swift; path = RoundView.swift; sourceTree = "<group>"; };
		4CC07F9423B1165200851B45 /* GetMoreInfo1VC.swift */ = {isa = PBXFileReference; lastKnownFileType = sourcecode.swift; path = GetMoreInfo1VC.swift; sourceTree = "<group>"; };
		4CC07F9623B1FED000851B45 /* 20958982_UTOIMAGE_유토이미지고딕_L_OTF.otf */ = {isa = PBXFileReference; lastKnownFileType = file; name = "20958982_UTOIMAGE_유토이미지고딕_L_OTF.otf"; path = "../../../../../Desktop/main font/20958982_UTOIMAGE_유토이미지고딕_L_OTF.otf"; sourceTree = "<group>"; };
		4CC07F9723B1FED000851B45 /* 20958984_UTOIMAGE_유토이미지고딕_R_OTF.otf */ = {isa = PBXFileReference; lastKnownFileType = file; name = "20958984_UTOIMAGE_유토이미지고딕_R_OTF.otf"; path = "../../../../../Desktop/main font/20958984_UTOIMAGE_유토이미지고딕_R_OTF.otf"; sourceTree = "<group>"; };
		4CC07F9823B1FED000851B45 /* 20958980_UTOIMAGE_유토이미지고딕_B_OTF.otf */ = {isa = PBXFileReference; lastKnownFileType = file; name = "20958980_UTOIMAGE_유토이미지고딕_B_OTF.otf"; path = "../../../../../Desktop/main font/20958980_UTOIMAGE_유토이미지고딕_B_OTF.otf"; sourceTree = "<group>"; };
		4CC07F9C23B22F6800851B45 /* GreyRoundView.swift */ = {isa = PBXFileReference; lastKnownFileType = sourcecode.swift; path = GreyRoundView.swift; sourceTree = "<group>"; };
		4CC07F9E23B2452700851B45 /* GetMoreInfo2VC.swift */ = {isa = PBXFileReference; lastKnownFileType = sourcecode.swift; path = GetMoreInfo2VC.swift; sourceTree = "<group>"; };
		DDED2CBC0481737EEF6CC0FA /* Pods_GitCat.framework */ = {isa = PBXFileReference; explicitFileType = wrapper.framework; includeInIndex = 0; path = Pods_GitCat.framework; sourceTree = BUILT_PRODUCTS_DIR; };
/* End PBXFileReference section */

/* Begin PBXFrameworksBuildPhase section */
		4C68D0FF23B09D3E00A8F813 /* Frameworks */ = {
			isa = PBXFrameworksBuildPhase;
			buildActionMask = 2147483647;
			files = (
				0D388BC21A1ECA16646E7A94 /* Pods_GitCat.framework in Frameworks */,
			);
			runOnlyForDeploymentPostprocessing = 0;
		};
/* End PBXFrameworksBuildPhase section */

/* Begin PBXGroup section */
		155410DB01D7EF2DBB70D827 /* Frameworks */ = {
			isa = PBXGroup;
			children = (
				DDED2CBC0481737EEF6CC0FA /* Pods_GitCat.framework */,
			);
			name = Frameworks;
			sourceTree = "<group>";
		};
		4C68D0F923B09D3E00A8F813 = {
			isa = PBXGroup;
			children = (
				4C68D10423B09D3E00A8F813 /* GitCat */,
				4C68D10323B09D3E00A8F813 /* Products */,
				538C12053FE7C5153A087EC7 /* Pods */,
				155410DB01D7EF2DBB70D827 /* Frameworks */,
			);
			sourceTree = "<group>";
		};
		4C68D10323B09D3E00A8F813 /* Products */ = {
			isa = PBXGroup;
			children = (
				4C68D10223B09D3E00A8F813 /* GitCat.app */,
			);
			name = Products;
			sourceTree = "<group>";
		};
		4C68D10423B09D3E00A8F813 /* GitCat */ = {
			isa = PBXGroup;
			children = (
				4C68D11823B0A32D00A8F813 /* Resources */,
				4C68D11723B0A32400A8F813 /* Sources */,
				4C68D10523B09D3E00A8F813 /* AppDelegate.swift */,
			);
			path = GitCat;
			sourceTree = "<group>";
		};
		4C68D11723B0A32400A8F813 /* Sources */ = {
			isa = PBXGroup;
			children = (
				4C68D11F23B0A3A100A8F813 /* ViewControllers */,
				4C68D11E23B0A39B00A8F813 /* Views */,
				4C68D11D23B0A39400A8F813 /* Models */,
				4C68D11C23B0A38D00A8F813 /* APIServices */,
				4C68D11B23B0A38100A8F813 /* Extensions */,
			);
			path = Sources;
			sourceTree = "<group>";
		};
		4C68D11823B0A32D00A8F813 /* Resources */ = {
			isa = PBXGroup;
			children = (
				4C68D12123B0A50A00A8F813 /* Fonts */,
				4C68D12023B0A4FE00A8F813 /* Storyboards */,
				4C68D10C23B09D4000A8F813 /* Assets.xcassets */,
				4C68D11123B09D4000A8F813 /* Info.plist */,
			);
			path = Resources;
			sourceTree = "<group>";
		};
		4C68D11B23B0A38100A8F813 /* Extensions */ = {
			isa = PBXGroup;
			children = (
				4C68D12B23B0AAB100A8F813 /* BasicExtension.swift */,
				4CC07F9023B0EE1000851B45 /* ColorPalette.swift */,
			);
			path = Extensions;
			sourceTree = "<group>";
		};
		4C68D11C23B0A38D00A8F813 /* APIServices */ = {
			isa = PBXGroup;
			children = (
			);
			path = APIServices;
			sourceTree = "<group>";
		};
		4C68D11D23B0A39400A8F813 /* Models */ = {
			isa = PBXGroup;
			children = (
			);
			path = Models;
			sourceTree = "<group>";
		};
		4C68D11E23B0A39B00A8F813 /* Views */ = {
			isa = PBXGroup;
			children = (
				4CC07F9223B0F28100851B45 /* RoundView.swift */,
				4CC07F9C23B22F6800851B45 /* GreyRoundView.swift */,
			);
			path = Views;
			sourceTree = "<group>";
		};
		4C68D11F23B0A3A100A8F813 /* ViewControllers */ = {
			isa = PBXGroup;
			children = (
				4C68D13323B0CFB700A8F813 /* Auth */,
			);
			path = ViewControllers;
			sourceTree = "<group>";
		};
		4C68D12023B0A4FE00A8F813 /* Storyboards */ = {
			isa = PBXGroup;
			children = (
				4C68D10E23B09D4000A8F813 /* LaunchScreen.storyboard */,
				4C68D12423B0A5EC00A8F813 /* SignIn.storyboard */,
			);
			path = Storyboards;
			sourceTree = "<group>";
		};
		4C68D12123B0A50A00A8F813 /* Fonts */ = {
			isa = PBXGroup;
			children = (
				4CC07F9823B1FED000851B45 /* 20958980_UTOIMAGE_유토이미지고딕_B_OTF.otf */,
				4CC07F9623B1FED000851B45 /* 20958982_UTOIMAGE_유토이미지고딕_L_OTF.otf */,
				4CC07F9723B1FED000851B45 /* 20958984_UTOIMAGE_유토이미지고딕_R_OTF.otf */,
			);
			path = Fonts;
			sourceTree = "<group>";
		};
		4C68D13323B0CFB700A8F813 /* Auth */ = {
			isa = PBXGroup;
			children = (
				4C68D13423B0D02400A8F813 /* SignInVC.swift */,
				4CC07F9423B1165200851B45 /* GetMoreInfo1VC.swift */,
				4CC07F9E23B2452700851B45 /* GetMoreInfo2VC.swift */,
			);
			path = Auth;
			sourceTree = "<group>";
		};
		538C12053FE7C5153A087EC7 /* Pods */ = {
			isa = PBXGroup;
			children = (
				2A3DDF6957438C24576DA2E1 /* Pods-GitCat.debug.xcconfig */,
				31A4904D021682BAC4E2667A /* Pods-GitCat.release.xcconfig */,
			);
			path = Pods;
			sourceTree = "<group>";
		};
/* End PBXGroup section */

/* Begin PBXNativeTarget section */
		4C68D10123B09D3E00A8F813 /* GitCat */ = {
			isa = PBXNativeTarget;
			buildConfigurationList = 4C68D11423B09D4000A8F813 /* Build configuration list for PBXNativeTarget "GitCat" */;
			buildPhases = (
				C7155741956BCC8AFD4051B6 /* [CP] Check Pods Manifest.lock */,
				4C68D0FE23B09D3E00A8F813 /* Sources */,
				4C68D0FF23B09D3E00A8F813 /* Frameworks */,
				4C68D10023B09D3E00A8F813 /* Resources */,
				DECC2A8C2F58EDBDBCC9FF6F /* [CP] Embed Pods Frameworks */,
			);
			buildRules = (
			);
			dependencies = (
			);
			name = GitCat;
			productName = GitCat;
			productReference = 4C68D10223B09D3E00A8F813 /* GitCat.app */;
			productType = "com.apple.product-type.application";
		};
/* End PBXNativeTarget section */

/* Begin PBXProject section */
		4C68D0FA23B09D3E00A8F813 /* Project object */ = {
			isa = PBXProject;
			attributes = {
				LastSwiftUpdateCheck = 1020;
				LastUpgradeCheck = 1020;
				ORGANIZATIONNAME = "조윤영";
				TargetAttributes = {
					4C68D10123B09D3E00A8F813 = {
						CreatedOnToolsVersion = 10.2.1;
					};
				};
			};
			buildConfigurationList = 4C68D0FD23B09D3E00A8F813 /* Build configuration list for PBXProject "GitCat" */;
			compatibilityVersion = "Xcode 9.3";
			developmentRegion = en;
			hasScannedForEncodings = 0;
			knownRegions = (
				en,
				Base,
			);
			mainGroup = 4C68D0F923B09D3E00A8F813;
			productRefGroup = 4C68D10323B09D3E00A8F813 /* Products */;
			projectDirPath = "";
			projectRoot = "";
			targets = (
				4C68D10123B09D3E00A8F813 /* GitCat */,
			);
		};
/* End PBXProject section */

/* Begin PBXResourcesBuildPhase section */
		4C68D10023B09D3E00A8F813 /* Resources */ = {
			isa = PBXResourcesBuildPhase;
			buildActionMask = 2147483647;
			files = (
				4CC07F9B23B209E100851B45 /* 20958984_UTOIMAGE_유토이미지고딕_R_OTF.otf in Resources */,
				4CC07F9923B209DB00851B45 /* 20958980_UTOIMAGE_유토이미지고딕_B_OTF.otf in Resources */,
				4C68D11023B09D4000A8F813 /* LaunchScreen.storyboard in Resources */,
				4C68D12523B0A5EC00A8F813 /* SignIn.storyboard in Resources */,
				4C68D10D23B09D4000A8F813 /* Assets.xcassets in Resources */,
				4CC07F9A23B209DE00851B45 /* 20958982_UTOIMAGE_유토이미지고딕_L_OTF.otf in Resources */,
			);
			runOnlyForDeploymentPostprocessing = 0;
		};
/* End PBXResourcesBuildPhase section */

/* Begin PBXShellScriptBuildPhase section */
		C7155741956BCC8AFD4051B6 /* [CP] Check Pods Manifest.lock */ = {
			isa = PBXShellScriptBuildPhase;
			buildActionMask = 2147483647;
			files = (
			);
			inputFileListPaths = (
			);
			inputPaths = (
				"${PODS_PODFILE_DIR_PATH}/Podfile.lock",
				"${PODS_ROOT}/Manifest.lock",
			);
			name = "[CP] Check Pods Manifest.lock";
			outputFileListPaths = (
			);
			outputPaths = (
				"$(DERIVED_FILE_DIR)/Pods-GitCat-checkManifestLockResult.txt",
			);
			runOnlyForDeploymentPostprocessing = 0;
			shellPath = /bin/sh;
			shellScript = "diff \"${PODS_PODFILE_DIR_PATH}/Podfile.lock\" \"${PODS_ROOT}/Manifest.lock\" > /dev/null\nif [ $? != 0 ] ; then\n    # print error to STDERR\n    echo \"error: The sandbox is not in sync with the Podfile.lock. Run 'pod install' or update your CocoaPods installation.\" >&2\n    exit 1\nfi\n# This output is used by Xcode 'outputs' to avoid re-running this script phase.\necho \"SUCCESS\" > \"${SCRIPT_OUTPUT_FILE_0}\"\n";
			showEnvVarsInLog = 0;
		};
		DECC2A8C2F58EDBDBCC9FF6F /* [CP] Embed Pods Frameworks */ = {
			isa = PBXShellScriptBuildPhase;
			buildActionMask = 2147483647;
			files = (
			);
			inputFileListPaths = (
				"${PODS_ROOT}/Target Support Files/Pods-GitCat/Pods-GitCat-frameworks-${CONFIGURATION}-input-files.xcfilelist",
			);
			name = "[CP] Embed Pods Frameworks";
			outputFileListPaths = (
				"${PODS_ROOT}/Target Support Files/Pods-GitCat/Pods-GitCat-frameworks-${CONFIGURATION}-output-files.xcfilelist",
			);
			runOnlyForDeploymentPostprocessing = 0;
			shellPath = /bin/sh;
			shellScript = "\"${PODS_ROOT}/Target Support Files/Pods-GitCat/Pods-GitCat-frameworks.sh\"\n";
			showEnvVarsInLog = 0;
		};
/* End PBXShellScriptBuildPhase section */

/* Begin PBXSourcesBuildPhase section */
		4C68D0FE23B09D3E00A8F813 /* Sources */ = {
			isa = PBXSourcesBuildPhase;
			buildActionMask = 2147483647;
			files = (
				4C68D10623B09D3E00A8F813 /* AppDelegate.swift in Sources */,
				4CC07F9F23B2452700851B45 /* GetMoreInfo2VC.swift in Sources */,
				4CC07F9323B0F28100851B45 /* RoundView.swift in Sources */,
				4C68D12C23B0AAB100A8F813 /* BasicExtension.swift in Sources */,
				4CC07F9D23B22F6800851B45 /* GreyRoundView.swift in Sources */,
				4C68D13523B0D02400A8F813 /* SignInVC.swift in Sources */,
				4CC07F9523B1165200851B45 /* GetMoreInfo1VC.swift in Sources */,
				4CC07F9123B0EE1000851B45 /* ColorPalette.swift in Sources */,
			);
			runOnlyForDeploymentPostprocessing = 0;
		};
/* End PBXSourcesBuildPhase section */

/* Begin PBXVariantGroup section */
		4C68D10E23B09D4000A8F813 /* LaunchScreen.storyboard */ = {
			isa = PBXVariantGroup;
			children = (
				4C68D10F23B09D4000A8F813 /* Base */,
			);
			name = LaunchScreen.storyboard;
			sourceTree = "<group>";
		};
/* End PBXVariantGroup section */

/* Begin XCBuildConfiguration section */
		4C68D11223B09D4000A8F813 /* Debug */ = {
			isa = XCBuildConfiguration;
			buildSettings = {
				ALWAYS_SEARCH_USER_PATHS = NO;
				CLANG_ANALYZER_NONNULL = YES;
				CLANG_ANALYZER_NUMBER_OBJECT_CONVERSION = YES_AGGRESSIVE;
				CLANG_CXX_LANGUAGE_STANDARD = "gnu++14";
				CLANG_CXX_LIBRARY = "libc++";
				CLANG_ENABLE_MODULES = YES;
				CLANG_ENABLE_OBJC_ARC = YES;
				CLANG_ENABLE_OBJC_WEAK = YES;
				CLANG_WARN_BLOCK_CAPTURE_AUTORELEASING = YES;
				CLANG_WARN_BOOL_CONVERSION = YES;
				CLANG_WARN_COMMA = YES;
				CLANG_WARN_CONSTANT_CONVERSION = YES;
				CLANG_WARN_DEPRECATED_OBJC_IMPLEMENTATIONS = YES;
				CLANG_WARN_DIRECT_OBJC_ISA_USAGE = YES_ERROR;
				CLANG_WARN_DOCUMENTATION_COMMENTS = YES;
				CLANG_WARN_EMPTY_BODY = YES;
				CLANG_WARN_ENUM_CONVERSION = YES;
				CLANG_WARN_INFINITE_RECURSION = YES;
				CLANG_WARN_INT_CONVERSION = YES;
				CLANG_WARN_NON_LITERAL_NULL_CONVERSION = YES;
				CLANG_WARN_OBJC_IMPLICIT_RETAIN_SELF = YES;
				CLANG_WARN_OBJC_LITERAL_CONVERSION = YES;
				CLANG_WARN_OBJC_ROOT_CLASS = YES_ERROR;
				CLANG_WARN_RANGE_LOOP_ANALYSIS = YES;
				CLANG_WARN_STRICT_PROTOTYPES = YES;
				CLANG_WARN_SUSPICIOUS_MOVE = YES;
				CLANG_WARN_UNGUARDED_AVAILABILITY = YES_AGGRESSIVE;
				CLANG_WARN_UNREACHABLE_CODE = YES;
				CLANG_WARN__DUPLICATE_METHOD_MATCH = YES;
				CODE_SIGN_IDENTITY = "iPhone Developer";
				COPY_PHASE_STRIP = NO;
				DEBUG_INFORMATION_FORMAT = dwarf;
				ENABLE_STRICT_OBJC_MSGSEND = YES;
				ENABLE_TESTABILITY = YES;
				GCC_C_LANGUAGE_STANDARD = gnu11;
				GCC_DYNAMIC_NO_PIC = NO;
				GCC_NO_COMMON_BLOCKS = YES;
				GCC_OPTIMIZATION_LEVEL = 0;
				GCC_PREPROCESSOR_DEFINITIONS = (
					"DEBUG=1",
					"$(inherited)",
				);
				GCC_WARN_64_TO_32_BIT_CONVERSION = YES;
				GCC_WARN_ABOUT_RETURN_TYPE = YES_ERROR;
				GCC_WARN_UNDECLARED_SELECTOR = YES;
				GCC_WARN_UNINITIALIZED_AUTOS = YES_AGGRESSIVE;
				GCC_WARN_UNUSED_FUNCTION = YES;
				GCC_WARN_UNUSED_VARIABLE = YES;
				IPHONEOS_DEPLOYMENT_TARGET = 12.2;
				MTL_ENABLE_DEBUG_INFO = INCLUDE_SOURCE;
				MTL_FAST_MATH = YES;
				ONLY_ACTIVE_ARCH = YES;
				SDKROOT = iphoneos;
				SWIFT_ACTIVE_COMPILATION_CONDITIONS = DEBUG;
				SWIFT_OPTIMIZATION_LEVEL = "-Onone";
			};
			name = Debug;
		};
		4C68D11323B09D4000A8F813 /* Release */ = {
			isa = XCBuildConfiguration;
			buildSettings = {
				ALWAYS_SEARCH_USER_PATHS = NO;
				CLANG_ANALYZER_NONNULL = YES;
				CLANG_ANALYZER_NUMBER_OBJECT_CONVERSION = YES_AGGRESSIVE;
				CLANG_CXX_LANGUAGE_STANDARD = "gnu++14";
				CLANG_CXX_LIBRARY = "libc++";
				CLANG_ENABLE_MODULES = YES;
				CLANG_ENABLE_OBJC_ARC = YES;
				CLANG_ENABLE_OBJC_WEAK = YES;
				CLANG_WARN_BLOCK_CAPTURE_AUTORELEASING = YES;
				CLANG_WARN_BOOL_CONVERSION = YES;
				CLANG_WARN_COMMA = YES;
				CLANG_WARN_CONSTANT_CONVERSION = YES;
				CLANG_WARN_DEPRECATED_OBJC_IMPLEMENTATIONS = YES;
				CLANG_WARN_DIRECT_OBJC_ISA_USAGE = YES_ERROR;
				CLANG_WARN_DOCUMENTATION_COMMENTS = YES;
				CLANG_WARN_EMPTY_BODY = YES;
				CLANG_WARN_ENUM_CONVERSION = YES;
				CLANG_WARN_INFINITE_RECURSION = YES;
				CLANG_WARN_INT_CONVERSION = YES;
				CLANG_WARN_NON_LITERAL_NULL_CONVERSION = YES;
				CLANG_WARN_OBJC_IMPLICIT_RETAIN_SELF = YES;
				CLANG_WARN_OBJC_LITERAL_CONVERSION = YES;
				CLANG_WARN_OBJC_ROOT_CLASS = YES_ERROR;
				CLANG_WARN_RANGE_LOOP_ANALYSIS = YES;
				CLANG_WARN_STRICT_PROTOTYPES = YES;
				CLANG_WARN_SUSPICIOUS_MOVE = YES;
				CLANG_WARN_UNGUARDED_AVAILABILITY = YES_AGGRESSIVE;
				CLANG_WARN_UNREACHABLE_CODE = YES;
				CLANG_WARN__DUPLICATE_METHOD_MATCH = YES;
				CODE_SIGN_IDENTITY = "iPhone Developer";
				COPY_PHASE_STRIP = NO;
				DEBUG_INFORMATION_FORMAT = "dwarf-with-dsym";
				ENABLE_NS_ASSERTIONS = NO;
				ENABLE_STRICT_OBJC_MSGSEND = YES;
				GCC_C_LANGUAGE_STANDARD = gnu11;
				GCC_NO_COMMON_BLOCKS = YES;
				GCC_WARN_64_TO_32_BIT_CONVERSION = YES;
				GCC_WARN_ABOUT_RETURN_TYPE = YES_ERROR;
				GCC_WARN_UNDECLARED_SELECTOR = YES;
				GCC_WARN_UNINITIALIZED_AUTOS = YES_AGGRESSIVE;
				GCC_WARN_UNUSED_FUNCTION = YES;
				GCC_WARN_UNUSED_VARIABLE = YES;
				IPHONEOS_DEPLOYMENT_TARGET = 12.2;
				MTL_ENABLE_DEBUG_INFO = NO;
				MTL_FAST_MATH = YES;
				SDKROOT = iphoneos;
				SWIFT_COMPILATION_MODE = wholemodule;
				SWIFT_OPTIMIZATION_LEVEL = "-O";
				VALIDATE_PRODUCT = YES;
			};
			name = Release;
		};
		4C68D11523B09D4000A8F813 /* Debug */ = {
			isa = XCBuildConfiguration;
			baseConfigurationReference = 2A3DDF6957438C24576DA2E1 /* Pods-GitCat.debug.xcconfig */;
			buildSettings = {
				ASSETCATALOG_COMPILER_APPICON_NAME = AppIcon;
				CODE_SIGN_STYLE = Automatic;
				DEVELOPMENT_TEAM = KT2XM3Z9DZ;
				INFOPLIST_FILE = "$(SRCROOT)/GitCat/Resources/Info.plist";
				LD_RUNPATH_SEARCH_PATHS = (
					"$(inherited)",
					"@executable_path/Frameworks",
				);
				PRODUCT_BUNDLE_IDENTIFIER = yoonyoung.GitCat;
				PRODUCT_NAME = "$(TARGET_NAME)";
				SWIFT_VERSION = 5.0;
				TARGETED_DEVICE_FAMILY = "1,2";
			};
			name = Debug;
		};
		4C68D11623B09D4000A8F813 /* Release */ = {
			isa = XCBuildConfiguration;
			baseConfigurationReference = 31A4904D021682BAC4E2667A /* Pods-GitCat.release.xcconfig */;
			buildSettings = {
				ASSETCATALOG_COMPILER_APPICON_NAME = AppIcon;
				CODE_SIGN_STYLE = Automatic;
				DEVELOPMENT_TEAM = KT2XM3Z9DZ;
				INFOPLIST_FILE = "$(SRCROOT)/GitCat/Resources/Info.plist";
				LD_RUNPATH_SEARCH_PATHS = (
					"$(inherited)",
					"@executable_path/Frameworks",
				);
				PRODUCT_BUNDLE_IDENTIFIER = yoonyoung.GitCat;
				PRODUCT_NAME = "$(TARGET_NAME)";
				SWIFT_VERSION = 5.0;
				TARGETED_DEVICE_FAMILY = "1,2";
			};
			name = Release;
		};
/* End XCBuildConfiguration section */

/* Begin XCConfigurationList section */
		4C68D0FD23B09D3E00A8F813 /* Build configuration list for PBXProject "GitCat" */ = {
			isa = XCConfigurationList;
			buildConfigurations = (
				4C68D11223B09D4000A8F813 /* Debug */,
				4C68D11323B09D4000A8F813 /* Release */,
			);
			defaultConfigurationIsVisible = 0;
			defaultConfigurationName = Release;
		};
		4C68D11423B09D4000A8F813 /* Build configuration list for PBXNativeTarget "GitCat" */ = {
			isa = XCConfigurationList;
			buildConfigurations = (
				4C68D11523B09D4000A8F813 /* Debug */,
				4C68D11623B09D4000A8F813 /* Release */,
			);
			defaultConfigurationIsVisible = 0;
			defaultConfigurationName = Release;
		};
/* End XCConfigurationList section */
	};
	rootObject = 4C68D0FA23B09D3E00A8F813 /* Project object */;
}
